
Microsoft Visual Studio Solution File, Format Version 12.00
# Visual Studio Version 17
VisualStudioVersion = 17.6.33723.286
MinimumVisualStudioVersion = 10.0.40219.1
Project("{FAE04EC0-301F-11D3-BF4B-00C04F79EFBC}") = "PizzaExampleOop", "PizzaExampleOop.csproj", "{FEBDFEAB-F329-4478-BB71-80370C52B35E}"
EndProject
Global
	GlobalSection(SolutionConfigurationPlatforms) = preSolution
		Debug|Any CPU = Debug|Any CPU
		Release|Any CPU = Release|Any CPU
	EndGlobalSection
	GlobalSection(ProjectConfigurationPlatforms) = postSolution
		{FEBDFEAB-F329-4478-BB71-80370C52B35E}.Debug|Any CPU.ActiveCfg = Debug|Any CPU
		{FEBDFEAB-F329-4478-BB71-80370C52B35E}.Debug|Any CPU.Build.0 = Debug|Any CPU
		{FEBDFEAB-F329-4478-BB71-80370C52B35E}.Release|Any CPU.ActiveCfg = Release|Any CPU
		{FEBDFEAB-F329-4478-BB71-80370C52B35E}.Release|Any CPU.Build.0 = Release|Any CPU
	EndGlobalSection
	GlobalSection(SolutionProperties) = preSolution
		HideSolutionNode = FALSE
	EndGlobalSection
	GlobalSection(ExtensibilityGlobals) = postSolution
		SolutionGuid = {5E0D04B6-240B-4D48-83F9-F9FC183E754A}
	EndGlobalSection
EndGlobal
